
Microsoft Visual Studio Solution File, Format Version 12.00
# Visual Studio Version 17
VisualStudioVersion = 17.9.34622.214
MinimumVisualStudioVersion = 10.0.40219.1
Project("{FAE04EC0-301F-11D3-BF4B-00C04F79EFBC}") = "DataAccessLayer", "DataAccessLayer\DataAccessLayer.csproj", "{FB9727C5-7DB9-4B4E-98AF-A4FF4F6B2B31}"
EndProject
Project("{FAE04EC0-301F-11D3-BF4B-00C04F79EFBC}") = "UserAPI", "UserAPI\UserAPI.csproj", "{6D9503B1-D8F3-484F-B744-A62A2D957E46}"
EndProject
Project("{FAE04EC0-301F-11D3-BF4B-00C04F79EFBC}") = "EntityLayer", "EntityLayer\EntityLayer.csproj", "{5EBBA0BE-5F5F-4546-8B54-A2DCDD9EEDA3}"
EndProject
Project("{FAE04EC0-301F-11D3-BF4B-00C04F79EFBC}") = "BusinessLayer", "BusinessLayer\BusinessLayer.csproj", "{55ED87BB-0146-4C8D-B1E4-A2CECA10A339}"
EndProject
Global
	GlobalSection(SolutionConfigurationPlatforms) = preSolution
		Debug|Any CPU = Debug|Any CPU
		Release|Any CPU = Release|Any CPU
	EndGlobalSection
	GlobalSection(ProjectConfigurationPlatforms) = postSolution
		{FB9727C5-7DB9-4B4E-98AF-A4FF4F6B2B31}.Debug|Any CPU.ActiveCfg = Debug|Any CPU
		{FB9727C5-7DB9-4B4E-98AF-A4FF4F6B2B31}.Debug|Any CPU.Build.0 = Debug|Any CPU
		{FB9727C5-7DB9-4B4E-98AF-A4FF4F6B2B31}.Release|Any CPU.ActiveCfg = Release|Any CPU
		{FB9727C5-7DB9-4B4E-98AF-A4FF4F6B2B31}.Release|Any CPU.Build.0 = Release|Any CPU
		{6D9503B1-D8F3-484F-B744-A62A2D957E46}.Debug|Any CPU.ActiveCfg = Debug|Any CPU
		{6D9503B1-D8F3-484F-B744-A62A2D957E46}.Debug|Any CPU.Build.0 = Debug|Any CPU
		{6D9503B1-D8F3-484F-B744-A62A2D957E46}.Release|Any CPU.ActiveCfg = Release|Any CPU
		{6D9503B1-D8F3-484F-B744-A62A2D957E46}.Release|Any CPU.Build.0 = Release|Any CPU
		{5EBBA0BE-5F5F-4546-8B54-A2DCDD9EEDA3}.Debug|Any CPU.ActiveCfg = Debug|Any CPU
		{5EBBA0BE-5F5F-4546-8B54-A2DCDD9EEDA3}.Debug|Any CPU.Build.0 = Debug|Any CPU
		{5EBBA0BE-5F5F-4546-8B54-A2DCDD9EEDA3}.Release|Any CPU.ActiveCfg = Release|Any CPU
		{5EBBA0BE-5F5F-4546-8B54-A2DCDD9EEDA3}.Release|Any CPU.Build.0 = Release|Any CPU
		{55ED87BB-0146-4C8D-B1E4-A2CECA10A339}.Debug|Any CPU.ActiveCfg = Debug|Any CPU
		{55ED87BB-0146-4C8D-B1E4-A2CECA10A339}.Debug|Any CPU.Build.0 = Debug|Any CPU
		{55ED87BB-0146-4C8D-B1E4-A2CECA10A339}.Release|Any CPU.ActiveCfg = Release|Any CPU
		{55ED87BB-0146-4C8D-B1E4-A2CECA10A339}.Release|Any CPU.Build.0 = Release|Any CPU
	EndGlobalSection
	GlobalSection(SolutionProperties) = preSolution
		HideSolutionNode = FALSE
	EndGlobalSection
	GlobalSection(ExtensibilityGlobals) = postSolution
		SolutionGuid = {BD3759DA-D22B-45CD-83AA-991C54610C6D}
	EndGlobalSection
EndGlobal
